
Microsoft Visual Studio Solution File, Format Version 12.00
# Visual Studio Version 17
VisualStudioVersion = 17.4.33213.308
MinimumVisualStudioVersion = 10.0.40219.1
Project("{FAE04EC0-301F-11D3-BF4B-00C04F79EFBC}") = "Hasitha", "Hasitha\Hasitha.csproj", "{DA23182C-BE1A-4C96-87C8-C6055E88BADF}"
EndProject
Global
	GlobalSection(SolutionConfigurationPlatforms) = preSolution
		Debug|Any CPU = Debug|Any CPU
		Release|Any CPU = Release|Any CPU
	EndGlobalSection
	GlobalSection(ProjectConfigurationPlatforms) = postSolution
		{DA23182C-BE1A-4C96-87C8-C6055E88BADF}.Debug|Any CPU.ActiveCfg = Debug|Any CPU
		{DA23182C-BE1A-4C96-87C8-C6055E88BADF}.Debug|Any CPU.Build.0 = Debug|Any CPU
		{DA23182C-BE1A-4C96-87C8-C6055E88BADF}.Release|Any CPU.ActiveCfg = Release|Any CPU
		{DA23182C-BE1A-4C96-87C8-C6055E88BADF}.Release|Any CPU.Build.0 = Release|Any CPU
	EndGlobalSection
	GlobalSection(SolutionProperties) = preSolution
		HideSolutionNode = FALSE
	EndGlobalSection
	GlobalSection(ExtensibilityGlobals) = postSolution
		SolutionGuid = {E3E09FB3-568E-4640-99F0-F710F1B4F812}
	EndGlobalSection
EndGlobal
